
Microsoft Visual Studio Solution File, Format Version 12.00
Project("{FAE04EC0-301F-11D3-BF4B-00C04F79EFBC}") = "TrafficManagementCenter.Server", "TrafficManagementCenter.Server\TrafficManagementCenter.Server.csproj", "{82247DBB-ABEE-4899-94D3-93F8F4098119}"
EndProject
Project("{FAE04EC0-301F-11D3-BF4B-00C04F79EFBC}") = "TrafficManagementCenter.Server.Tests", "TrafficManagementCenter.Server.Tests\TrafficManagementCenter.Server.Tests.csproj", "{A78FC37C-982E-42A0-850D-A4F3EE48A54B}"
EndProject
Project("{FAE04EC0-301F-11D3-BF4B-00C04F79EFBC}") = "TrafficManagementCenter.TransportSheduleManager", "TrafficManagementCenter.TransportSheduleManager\TrafficManagementCenter.TransportSheduleManager.csproj", "{9EC110E4-F744-4772-9ED5-3AE64E189E0D}"
EndProject
Project("{FAE04EC0-301F-11D3-BF4B-00C04F79EFBC}") = "Model", "Model\Model.csproj", "{A041A6AD-B84F-452C-8C6B-A381F0A7FDB5}"
EndProject
Project("{FAE04EC0-301F-11D3-BF4B-00C04F79EFBC}") = "TrafficManagementCenter.Server.Db", "TrafficManagementCenter.Server.Db\TrafficManagementCenter.Server.Db.csproj", "{4A48056D-38EE-4BDD-BC74-C09C3AAE915F}"
EndProject
Project("{FAE04EC0-301F-11D3-BF4B-00C04F79EFBC}") = "TrafficManagementCenter.Server.Db.Tests", "TrafficManagementCenter.Server.Db.Tests\TrafficManagementCenter.Server.Db.Tests.csproj", "{C25BD1ED-64E0-4597-91F1-0199476C6710}"
EndProject
Project("{FAE04EC0-301F-11D3-BF4B-00C04F79EFBC}") = "TrafficManagementCenter.Server.Model.Tests", "TrafficManagementCenter.Server.Model.Tests\TrafficManagementCenter.Server.Model.Tests.csproj", "{6CB7F9BD-2E8C-4B08-9933-4AED512E0995}"
EndProject
Global
	GlobalSection(SolutionConfigurationPlatforms) = preSolution
		Debug|Any CPU = Debug|Any CPU
		Release|Any CPU = Release|Any CPU
	EndGlobalSection
	GlobalSection(ProjectConfigurationPlatforms) = postSolution
		{82247DBB-ABEE-4899-94D3-93F8F4098119}.Debug|Any CPU.ActiveCfg = Debug|Any CPU
		{82247DBB-ABEE-4899-94D3-93F8F4098119}.Debug|Any CPU.Build.0 = Debug|Any CPU
		{82247DBB-ABEE-4899-94D3-93F8F4098119}.Release|Any CPU.ActiveCfg = Release|Any CPU
		{82247DBB-ABEE-4899-94D3-93F8F4098119}.Release|Any CPU.Build.0 = Release|Any CPU
		{A78FC37C-982E-42A0-850D-A4F3EE48A54B}.Debug|Any CPU.ActiveCfg = Debug|Any CPU
		{A78FC37C-982E-42A0-850D-A4F3EE48A54B}.Debug|Any CPU.Build.0 = Debug|Any CPU
		{A78FC37C-982E-42A0-850D-A4F3EE48A54B}.Release|Any CPU.ActiveCfg = Release|Any CPU
		{A78FC37C-982E-42A0-850D-A4F3EE48A54B}.Release|Any CPU.Build.0 = Release|Any CPU
		{9EC110E4-F744-4772-9ED5-3AE64E189E0D}.Debug|Any CPU.ActiveCfg = Debug|Any CPU
		{9EC110E4-F744-4772-9ED5-3AE64E189E0D}.Debug|Any CPU.Build.0 = Debug|Any CPU
		{9EC110E4-F744-4772-9ED5-3AE64E189E0D}.Release|Any CPU.ActiveCfg = Release|Any CPU
		{9EC110E4-F744-4772-9ED5-3AE64E189E0D}.Release|Any CPU.Build.0 = Release|Any CPU
		{A041A6AD-B84F-452C-8C6B-A381F0A7FDB5}.Debug|Any CPU.ActiveCfg = Debug|Any CPU
		{A041A6AD-B84F-452C-8C6B-A381F0A7FDB5}.Debug|Any CPU.Build.0 = Debug|Any CPU
		{A041A6AD-B84F-452C-8C6B-A381F0A7FDB5}.Release|Any CPU.ActiveCfg = Release|Any CPU
		{A041A6AD-B84F-452C-8C6B-A381F0A7FDB5}.Release|Any CPU.Build.0 = Release|Any CPU
		{4A48056D-38EE-4BDD-BC74-C09C3AAE915F}.Debug|Any CPU.ActiveCfg = Debug|Any CPU
		{4A48056D-38EE-4BDD-BC74-C09C3AAE915F}.Debug|Any CPU.Build.0 = Debug|Any CPU
		{4A48056D-38EE-4BDD-BC74-C09C3AAE915F}.Release|Any CPU.ActiveCfg = Release|Any CPU
		{4A48056D-38EE-4BDD-BC74-C09C3AAE915F}.Release|Any CPU.Build.0 = Release|Any CPU
		{C25BD1ED-64E0-4597-91F1-0199476C6710}.Debug|Any CPU.ActiveCfg = Debug|Any CPU
		{C25BD1ED-64E0-4597-91F1-0199476C6710}.Debug|Any CPU.Build.0 = Debug|Any CPU
		{C25BD1ED-64E0-4597-91F1-0199476C6710}.Release|Any CPU.ActiveCfg = Release|Any CPU
		{C25BD1ED-64E0-4597-91F1-0199476C6710}.Release|Any CPU.Build.0 = Release|Any CPU
		{6CB7F9BD-2E8C-4B08-9933-4AED512E0995}.Debug|Any CPU.ActiveCfg = Debug|Any CPU
		{6CB7F9BD-2E8C-4B08-9933-4AED512E0995}.Debug|Any CPU.Build.0 = Debug|Any CPU
		{6CB7F9BD-2E8C-4B08-9933-4AED512E0995}.Release|Any CPU.ActiveCfg = Release|Any CPU
		{6CB7F9BD-2E8C-4B08-9933-4AED512E0995}.Release|Any CPU.Build.0 = Release|Any CPU
	EndGlobalSection
EndGlobal
